
Microsoft Visual Studio Solution File, Format Version 12.00
# Visual Studio Version 17
VisualStudioVersion = 17.1.32319.34
MinimumVisualStudioVersion = 10.0.40219.1
Project("{FAE04EC0-301F-11D3-BF4B-00C04F79EFBC}") = "raspberry_ip", "raspberry_ip\raspberry_ip.csproj", "{C3449353-2947-4C54-9743-CE5E14805EFA}"
EndProject
Global
	GlobalSection(SolutionConfigurationPlatforms) = preSolution
		Debug|Any CPU = Debug|Any CPU
		Release|Any CPU = Release|Any CPU
	EndGlobalSection
	GlobalSection(ProjectConfigurationPlatforms) = postSolution
		{C3449353-2947-4C54-9743-CE5E14805EFA}.Debug|Any CPU.ActiveCfg = Debug|Any CPU
		{C3449353-2947-4C54-9743-CE5E14805EFA}.Debug|Any CPU.Build.0 = Debug|Any CPU
		{C3449353-2947-4C54-9743-CE5E14805EFA}.Release|Any CPU.ActiveCfg = Release|Any CPU
		{C3449353-2947-4C54-9743-CE5E14805EFA}.Release|Any CPU.Build.0 = Release|Any CPU
	EndGlobalSection
	GlobalSection(SolutionProperties) = preSolution
		HideSolutionNode = FALSE
	EndGlobalSection
	GlobalSection(ExtensibilityGlobals) = postSolution
		SolutionGuid = {FEDBB40A-ED0F-4A54-9B8E-D9744AA367F2}
	EndGlobalSection
EndGlobal
